
Microsoft Visual Studio Solution File, Format Version 12.00
# Visual Studio Version 17
VisualStudioVersion = 17.8.34322.80
MinimumVisualStudioVersion = 10.0.40219.1
Project("{9A19103F-16F7-4668-BE54-9A1E7A4F7556}") = "GameShop", "GameShop\GameShop.csproj", "{EEE90ABC-D2C5-4846-8E53-C01EED4D3860}"
EndProject
Project("{FAE04EC0-301F-11D3-BF4B-00C04F79EFBC}") = "GameShopApp", "GameShopApp\GameShopApp.csproj", "{7EDF7318-BC4A-4999-832C-461BB3B1576C}"
EndProject
Global
	GlobalSection(SolutionConfigurationPlatforms) = preSolution
		Debug|Any CPU = Debug|Any CPU
		Release|Any CPU = Release|Any CPU
	EndGlobalSection
	GlobalSection(ProjectConfigurationPlatforms) = postSolution
		{EEE90ABC-D2C5-4846-8E53-C01EED4D3860}.Debug|Any CPU.ActiveCfg = Debug|Any CPU
		{EEE90ABC-D2C5-4846-8E53-C01EED4D3860}.Debug|Any CPU.Build.0 = Debug|Any CPU
		{EEE90ABC-D2C5-4846-8E53-C01EED4D3860}.Release|Any CPU.ActiveCfg = Release|Any CPU
		{EEE90ABC-D2C5-4846-8E53-C01EED4D3860}.Release|Any CPU.Build.0 = Release|Any CPU
		{7EDF7318-BC4A-4999-832C-461BB3B1576C}.Debug|Any CPU.ActiveCfg = Debug|Any CPU
		{7EDF7318-BC4A-4999-832C-461BB3B1576C}.Debug|Any CPU.Build.0 = Debug|Any CPU
		{7EDF7318-BC4A-4999-832C-461BB3B1576C}.Release|Any CPU.ActiveCfg = Release|Any CPU
		{7EDF7318-BC4A-4999-832C-461BB3B1576C}.Release|Any CPU.Build.0 = Release|Any CPU
	EndGlobalSection
	GlobalSection(SolutionProperties) = preSolution
		HideSolutionNode = FALSE
	EndGlobalSection
	GlobalSection(ExtensibilityGlobals) = postSolution
		SolutionGuid = {C5C3908A-CE9A-411C-BBF5-9D37C2193ACC}
	EndGlobalSection
EndGlobal
